// !$*UTF8*$!
{
	archiveVersion = 1;
	classes = {
	};
	objectVersion = 46;
	objects = {

/* Begin PBXBuildFile section */
		8DC2EF530486A6940098B216 /* InfoPlist.strings in Resources */ = {isa = PBXBuildFile; fileRef = 089C1666FE841158C02AAC07 /* InfoPlist.strings */; };
		CF18752D19CCFF670058C869 /* (null) in Resources */ = {isa = PBXBuildFile; };
		CF18752E19CCFF670058C869 /* (null) in Resources */ = {isa = PBXBuildFile; };
		CF18752F19CCFF670058C869 /* (null) in Resources */ = {isa = PBXBuildFile; };
		CF18753019CCFF670058C869 /* (null) in Resources */ = {isa = PBXBuildFile; };
		CF18753119CCFF670058C869 /* (null) in Resources */ = {isa = PBXBuildFile; };
		CF18753219CCFF670058C869 /* (null) in Resources */ = {isa = PBXBuildFile; };
		CF18753319CCFF670058C869 /* (null) in Resources */ = {isa = PBXBuildFile; };
		CF18753419CCFF670058C869 /* (null) in Resources */ = {isa = PBXBuildFile; };
		CF18753519CCFF670058C869 /* (null) in Resources */ = {isa = PBXBuildFile; };
		CF18753619CCFF670058C869 /* (null) in Resources */ = {isa = PBXBuildFile; };
		CF18753719CCFF670058C869 /* (null) in Resources */ = {isa = PBXBuildFile; };
		CF18753819CCFF670058C869 /* (null) in Resources */ = {isa = PBXBuildFile; };
		CF18753919CCFF670058C869 /* (null) in Resources */ = {isa = PBXBuildFile; };
		CF18753A19CCFF670058C869 /* (null) in Resources */ = {isa = PBXBuildFile; };
		CF18753B19CCFF670058C869 /* (null) in Resources */ = {isa = PBXBuildFile; };
		CF18753C19CCFF670058C869 /* (null) in Resources */ = {isa = PBXBuildFile; };
		CF18753D19CCFF670058C869 /* (null) in Resources */ = {isa = PBXBuildFile; };
		CF18753E19CCFF670058C869 /* (null) in Resources */ = {isa = PBXBuildFile; };
		CF18753F19CCFF670058C869 /* (null) in Resources */ = {isa = PBXBuildFile; };
		CF18754019CCFF670058C869 /* (null) in Resources */ = {isa = PBXBuildFile; };
		CF18754119CCFF670058C869 /* (null) in Resources */ = {isa = PBXBuildFile; };
		CF18754219CCFF670058C869 /* (null) in Resources */ = {isa = PBXBuildFile; };
		CF18754319CCFF670058C869 /* (null) in Resources */ = {isa = PBXBuildFile; };
		CF18754419CCFF670058C869 /* (null) in Resources */ = {isa = PBXBuildFile; };
		CF18754619CCFF670058C869 /* (null) in Resources */ = {isa = PBXBuildFile; };
		CF18754719CCFF670058C869 /* (null) in Resources */ = {isa = PBXBuildFile; };
		CF18754819CCFF670058C869 /* (null) in Resources */ = {isa = PBXBuildFile; };
		CFF0A1AE1AF4777900160EAA /* darwin-i386-framework.xcconfig in Resources */ = {isa = PBXBuildFile; fileRef = CFF0A1A31AF4777900160EAA /* darwin-i386-framework.xcconfig */; };
		CFF0A1AF1AF4777900160EAA /* darwin-ppc-framework.xcconfig in Resources */ = {isa = PBXBuildFile; fileRef = CFF0A1A41AF4777900160EAA /* darwin-ppc-framework.xcconfig */; };
		CFF0A1B01AF4777900160EAA /* darwin-x86_64-framework.xcconfig in Resources */ = {isa = PBXBuildFile; fileRef = CFF0A1A51AF4777900160EAA /* darwin-x86_64-framework.xcconfig */; };
		CFF0A1B11AF4777900160EAA /* freebsd-i386-framework.xcconfig in Resources */ = {isa = PBXBuildFile; fileRef = CFF0A1A61AF4777900160EAA /* freebsd-i386-framework.xcconfig */; };
		CFF0A1B21AF4777900160EAA /* linux-arm-framework.xcconfig in Resources */ = {isa = PBXBuildFile; fileRef = CFF0A1A71AF4777900160EAA /* linux-arm-framework.xcconfig */; };
		CFF0A1B31AF4777900160EAA /* linux-i386-framework.xcconfig in Resources */ = {isa = PBXBuildFile; fileRef = CFF0A1A81AF4777900160EAA /* linux-i386-framework.xcconfig */; };
		CFF0A1B41AF4777900160EAA /* linux-ppc-framework.xcconfig in Resources */ = {isa = PBXBuildFile; fileRef = CFF0A1A91AF4777900160EAA /* linux-ppc-framework.xcconfig */; };
		CFF0A1B51AF4777900160EAA /* platform-framework.xcconfig in Resources */ = {isa = PBXBuildFile; fileRef = CFF0A1AA1AF4777900160EAA /* platform-framework.xcconfig */; };
		CFF0A1B61AF4777900160EAA /* solaris-sparc-framework.xcconfig in Resources */ = {isa = PBXBuildFile; fileRef = CFF0A1AB1AF4777900160EAA /* solaris-sparc-framework.xcconfig */; };
		CFF0A1B71AF4777900160EAA /* windows-i386-bundle.xcconfig in Resources */ = {isa = PBXBuildFile; fileRef = CFF0A1AC1AF4777900160EAA /* windows-i386-bundle.xcconfig */; };
		CFF0A1B81AF4777900160EAA /* windows-i386-clang.xcconfig in Resources */ = {isa = PBXBuildFile; fileRef = CFF0A1AD1AF4777900160EAA /* windows-i386-clang.xcconfig */; };
		FE43015C11E2531F00EBDD56 /* CVDisplayLink.h in Headers */ = {isa = PBXBuildFile; fileRef = FE43015A11E2531F00EBDD56 /* CVDisplayLink.h */; settings = {ATTRIBUTES = (Public, ); }; };
		FE43017C11E253E900EBDD56 /* CoreVideo.h in Headers */ = {isa = PBXBuildFile; fileRef = FE43017B11E253E900EBDD56 /* CoreVideo.h */; settings = {ATTRIBUTES = (Public, ); }; };
		FE43045911E2769E00EBDD56 /* CVBase.h in Headers */ = {isa = PBXBuildFile; fileRef = FE43045811E2769E00EBDD56 /* CVBase.h */; settings = {ATTRIBUTES = (Public, ); }; };
		FE43045B11E2779700EBDD56 /* CVReturn.h in Headers */ = {isa = PBXBuildFile; fileRef = FE43045A11E2779700EBDD56 /* CVReturn.h */; settings = {ATTRIBUTES = (Public, ); }; };
/* End PBXBuildFile section */

/* Begin PBXContainerItemProxy section */
		50ACFD4A1275F6F3008BEDDD /* PBXContainerItemProxy */ = {
			isa = PBXContainerItemProxy;
			containerPortal = 50ACFD3D1275F6F3008BEDDD /* Foundation.xcodeproj */;
			proxyType = 2;
			remoteGlobalIDString = FE01A7EC0C5D9B6900AEA51A;
			remoteInfo = "Foundation-Windows-i386";
		};
		50ACFD5C1275F6F8008BEDDD /* PBXContainerItemProxy */ = {
			isa = PBXContainerItemProxy;
			containerPortal = 50ACFD3D1275F6F3008BEDDD /* Foundation.xcodeproj */;
			proxyType = 1;
			remoteGlobalIDString = FE01A5970C5D9B6900AEA51A;
			remoteInfo = "Foundation-Windows-i386";
		};
		FE2A2D0612D2C7760028C06D /* PBXContainerItemProxy */ = {
			isa = PBXContainerItemProxy;
			containerPortal = FE2A2D0012D2C7760028C06D /* OpenGL.xcodeproj */;
			proxyType = 2;
			remoteGlobalIDString = 8DC2EF5B0486A6940098B216;
			remoteInfo = "OpenGL-Windows-i386";
		};
		FE2A2D0C12D2C77C0028C06D /* PBXContainerItemProxy */ = {
			isa = PBXContainerItemProxy;
			containerPortal = FE2A2D0012D2C7760028C06D /* OpenGL.xcodeproj */;
			proxyType = 1;
			remoteGlobalIDString = 8DC2EF4F0486A6940098B216;
			remoteInfo = "OpenGL-Windows-i386";
		};
/* End PBXContainerItemProxy section */

/* Begin PBXFileReference section */
		0867D69BFE84028FC02AAC07 /* Foundation.framework */ = {isa = PBXFileReference; lastKnownFileType = wrapper.framework; name = Foundation.framework; path = /System/Library/Frameworks/Foundation.framework; sourceTree = "<absolute>"; };
		089C1667FE841158C02AAC07 /* English */ = {isa = PBXFileReference; fileEncoding = 4; lastKnownFileType = text.plist.strings; name = English; path = English.lproj/InfoPlist.strings; sourceTree = "<group>"; };
		50ACFD3D1275F6F3008BEDDD /* Foundation.xcodeproj */ = {isa = PBXFileReference; lastKnownFileType = "wrapper.pb-project"; name = Foundation.xcodeproj; path = ../Foundation/Foundation.xcodeproj; sourceTree = SOURCE_ROOT; };
		8DC2EF5A0486A6940098B216 /* Info.plist */ = {isa = PBXFileReference; fileEncoding = 4; lastKnownFileType = text.plist.xml; path = Info.plist; sourceTree = "<group>"; };
		8DC2EF5B0486A6940098B216 /* CoreVideo.framework */ = {isa = PBXFileReference; explicitFileType = wrapper.framework; includeInIndex = 0; path = CoreVideo.framework; sourceTree = BUILT_PRODUCTS_DIR; };
		CFF0A1A31AF4777900160EAA /* darwin-i386-framework.xcconfig */ = {isa = PBXFileReference; fileEncoding = 4; lastKnownFileType = text.xcconfig; path = "darwin-i386-framework.xcconfig"; sourceTree = "<group>"; };
		CFF0A1A41AF4777900160EAA /* darwin-ppc-framework.xcconfig */ = {isa = PBXFileReference; fileEncoding = 4; lastKnownFileType = text.xcconfig; path = "darwin-ppc-framework.xcconfig"; sourceTree = "<group>"; };
		CFF0A1A51AF4777900160EAA /* darwin-x86_64-framework.xcconfig */ = {isa = PBXFileReference; fileEncoding = 4; lastKnownFileType = text.xcconfig; path = "darwin-x86_64-framework.xcconfig"; sourceTree = "<group>"; };
		CFF0A1A61AF4777900160EAA /* freebsd-i386-framework.xcconfig */ = {isa = PBXFileReference; fileEncoding = 4; lastKnownFileType = text.xcconfig; path = "freebsd-i386-framework.xcconfig"; sourceTree = "<group>"; };
		CFF0A1A71AF4777900160EAA /* linux-arm-framework.xcconfig */ = {isa = PBXFileReference; fileEncoding = 4; lastKnownFileType = text.xcconfig; path = "linux-arm-framework.xcconfig"; sourceTree = "<group>"; };
		CFF0A1A81AF4777900160EAA /* linux-i386-framework.xcconfig */ = {isa = PBXFileReference; fileEncoding = 4; lastKnownFileType = text.xcconfig; path = "linux-i386-framework.xcconfig"; sourceTree = "<group>"; };
		CFF0A1A91AF4777900160EAA /* linux-ppc-framework.xcconfig */ = {isa = PBXFileReference; fileEncoding = 4; lastKnownFileType = text.xcconfig; path = "linux-ppc-framework.xcconfig"; sourceTree = "<group>"; };
		CFF0A1AA1AF4777900160EAA /* platform-framework.xcconfig */ = {isa = PBXFileReference; fileEncoding = 4; lastKnownFileType = text.xcconfig; path = "platform-framework.xcconfig"; sourceTree = "<group>"; };
		CFF0A1AB1AF4777900160EAA /* solaris-sparc-framework.xcconfig */ = {isa = PBXFileReference; fileEncoding = 4; lastKnownFileType = text.xcconfig; path = "solaris-sparc-framework.xcconfig"; sourceTree = "<group>"; };
		CFF0A1AC1AF4777900160EAA /* windows-i386-bundle.xcconfig */ = {isa = PBXFileReference; fileEncoding = 4; lastKnownFileType = text.xcconfig; path = "windows-i386-bundle.xcconfig"; sourceTree = "<group>"; };
		CFF0A1AD1AF4777900160EAA /* windows-i386-clang.xcconfig */ = {isa = PBXFileReference; fileEncoding = 4; lastKnownFileType = text.xcconfig; path = "windows-i386-clang.xcconfig"; sourceTree = "<group>"; };
		FE06B2691430E8000071169B /* darwin-i386.xcconfig */ = {isa = PBXFileReference; fileEncoding = 4; lastKnownFileType = text.xcconfig; path = "darwin-i386.xcconfig"; sourceTree = "<group>"; };
		FE06B26A1430E8000071169B /* darwin-ppc.xcconfig */ = {isa = PBXFileReference; fileEncoding = 4; lastKnownFileType = text.xcconfig; path = "darwin-ppc.xcconfig"; sourceTree = "<group>"; };
		FE06B26B1430E8000071169B /* darwin-x86_64.xcconfig */ = {isa = PBXFileReference; fileEncoding = 4; lastKnownFileType = text.xcconfig; path = "darwin-x86_64.xcconfig"; sourceTree = "<group>"; };
		FE06B26C1430E8000071169B /* darwin.xcconfig */ = {isa = PBXFileReference; fileEncoding = 4; lastKnownFileType = text.xcconfig; path = darwin.xcconfig; sourceTree = "<group>"; };
		FE06B26D1430E8000071169B /* freebsd-i386.xcconfig */ = {isa = PBXFileReference; fileEncoding = 4; lastKnownFileType = text.xcconfig; path = "freebsd-i386.xcconfig"; sourceTree = "<group>"; };
		FE06B26E1430E8000071169B /* freebsd.xcconfig */ = {isa = PBXFileReference; fileEncoding = 4; lastKnownFileType = text.xcconfig; path = freebsd.xcconfig; sourceTree = "<group>"; };
		FE06B26F1430E8000071169B /* linux-arm.xcconfig */ = {isa = PBXFileReference; fileEncoding = 4; lastKnownFileType = text.xcconfig; path = "linux-arm.xcconfig"; sourceTree = "<group>"; };
		FE06B2701430E8000071169B /* linux-i386.xcconfig */ = {isa = PBXFileReference; fileEncoding = 4; lastKnownFileType = text.xcconfig; path = "linux-i386.xcconfig"; sourceTree = "<group>"; };
		FE06B2711430E8000071169B /* linux-ppc.xcconfig */ = {isa = PBXFileReference; fileEncoding = 4; lastKnownFileType = text.xcconfig; path = "linux-ppc.xcconfig"; sourceTree = "<group>"; };
		FE06B2721430E8000071169B /* linux.xcconfig */ = {isa = PBXFileReference; fileEncoding = 4; lastKnownFileType = text.xcconfig; path = linux.xcconfig; sourceTree = "<group>"; };
		FE06B2731430E8000071169B /* platform.xcconfig */ = {isa = PBXFileReference; fileEncoding = 4; lastKnownFileType = text.xcconfig; path = platform.xcconfig; sourceTree = "<group>"; };
		FE06B2741430E8000071169B /* solaris-sparc.xcconfig */ = {isa = PBXFileReference; fileEncoding = 4; lastKnownFileType = text.xcconfig; path = "solaris-sparc.xcconfig"; sourceTree = "<group>"; };
		FE06B2751430E8000071169B /* solaris.xcconfig */ = {isa = PBXFileReference; fileEncoding = 4; lastKnownFileType = text.xcconfig; path = solaris.xcconfig; sourceTree = "<group>"; };
		FE06B2761430E8000071169B /* windows-i386.xcconfig */ = {isa = PBXFileReference; fileEncoding = 4; lastKnownFileType = text.xcconfig; path = "windows-i386.xcconfig"; sourceTree = "<group>"; };
		FE06B2771430E8000071169B /* windows.xcconfig */ = {isa = PBXFileReference; fileEncoding = 4; lastKnownFileType = text.xcconfig; path = windows.xcconfig; sourceTree = "<group>"; };
		FE2A2D0012D2C7760028C06D /* OpenGL.xcodeproj */ = {isa = PBXFileReference; lastKnownFileType = "wrapper.pb-project"; name = OpenGL.xcodeproj; path = ../OpenGL/OpenGL.xcodeproj; sourceTree = SOURCE_ROOT; };
		FE43015A11E2531F00EBDD56 /* CVDisplayLink.h */ = {isa = PBXFileReference; fileEncoding = 4; lastKnownFileType = sourcecode.c.h; path = CVDisplayLink.h; sourceTree = "<group>"; };
		FE43015B11E2531F00EBDD56 /* CVDisplayLink.m */ = {isa = PBXFileReference; fileEncoding = 4; lastKnownFileType = sourcecode.c.objc; path = CVDisplayLink.m; sourceTree = "<group>"; };
		FE43017B11E253E900EBDD56 /* CoreVideo.h */ = {isa = PBXFileReference; fileEncoding = 4; lastKnownFileType = sourcecode.c.h; path = CoreVideo.h; sourceTree = "<group>"; };
		FE43045811E2769E00EBDD56 /* CVBase.h */ = {isa = PBXFileReference; fileEncoding = 4; lastKnownFileType = sourcecode.c.h; path = CVBase.h; sourceTree = "<group>"; };
		FE43045A11E2779700EBDD56 /* CVReturn.h */ = {isa = PBXFileReference; fileEncoding = 4; lastKnownFileType = sourcecode.c.h; path = CVReturn.h; sourceTree = "<group>"; };
		FE708682143117D400B99A95 /* windows-i386-framework.xcconfig */ = {isa = PBXFileReference; fileEncoding = 4; lastKnownFileType = text.xcconfig; path = "windows-i386-framework.xcconfig"; sourceTree = "<group>"; };
/* End PBXFileReference section */

/* Begin PBXGroup section */
		034768DFFF38A50411DB9C8B /* Products */ = {
			isa = PBXGroup;
			children = (
				8DC2EF5B0486A6940098B216 /* CoreVideo.framework */,
			);
			name = Products;
			sourceTree = "<group>";
		};
		0867D691FE84028FC02AAC07 /* CoreVideo */ = {
			isa = PBXGroup;
			children = (
				FE06B2681430E8000071169B /* xcconfig */,
				FE2A2D0012D2C7760028C06D /* OpenGL.xcodeproj */,
				50ACFD3D1275F6F3008BEDDD /* Foundation.xcodeproj */,
				FE43045A11E2779700EBDD56 /* CVReturn.h */,
				FE43045811E2769E00EBDD56 /* CVBase.h */,
				FE43017B11E253E900EBDD56 /* CoreVideo.h */,
				32C88DFF0371C24200C91783 /* Other Sources */,
				089C1665FE841158C02AAC07 /* Resources */,
				0867D69AFE84028FC02AAC07 /* External Frameworks and Libraries */,
				034768DFFF38A50411DB9C8B /* Products */,
				FE43015A11E2531F00EBDD56 /* CVDisplayLink.h */,
				FE43015B11E2531F00EBDD56 /* CVDisplayLink.m */,
			);
			indentWidth = 4;
			name = CoreVideo;
			sourceTree = "<group>";
			tabWidth = 4;
			usesTabs = 0;
		};
		0867D69AFE84028FC02AAC07 /* External Frameworks and Libraries */ = {
			isa = PBXGroup;
			children = (
				1058C7B0FEA5585E11CA2CBB /* Linked Frameworks */,
				1058C7B2FEA5585E11CA2CBB /* Other Frameworks */,
			);
			name = "External Frameworks and Libraries";
			sourceTree = "<group>";
		};
		089C1665FE841158C02AAC07 /* Resources */ = {
			isa = PBXGroup;
			children = (
				8DC2EF5A0486A6940098B216 /* Info.plist */,
				089C1666FE841158C02AAC07 /* InfoPlist.strings */,
			);
			name = Resources;
			sourceTree = "<group>";
		};
		1058C7B0FEA5585E11CA2CBB /* Linked Frameworks */ = {
			isa = PBXGroup;
			children = (
			);
			name = "Linked Frameworks";
			sourceTree = "<group>";
		};
		1058C7B2FEA5585E11CA2CBB /* Other Frameworks */ = {
			isa = PBXGroup;
			children = (
				0867D69BFE84028FC02AAC07 /* Foundation.framework */,
			);
			name = "Other Frameworks";
			sourceTree = "<group>";
		};
		32C88DFF0371C24200C91783 /* Other Sources */ = {
			isa = PBXGroup;
			children = (
			);
			name = "Other Sources";
			sourceTree = "<group>";
		};
		50ACFD3E1275F6F3008BEDDD /* Products */ = {
			isa = PBXGroup;
			children = (
				50ACFD4B1275F6F3008BEDDD /* Foundation.framework */,
			);
			name = Products;
			sourceTree = "<group>";
		};
		FE06B2681430E8000071169B /* xcconfig */ = {
			isa = PBXGroup;
			children = (
				CFF0A1A31AF4777900160EAA /* darwin-i386-framework.xcconfig */,
				CFF0A1A41AF4777900160EAA /* darwin-ppc-framework.xcconfig */,
				CFF0A1A51AF4777900160EAA /* darwin-x86_64-framework.xcconfig */,
				CFF0A1A61AF4777900160EAA /* freebsd-i386-framework.xcconfig */,
				CFF0A1A71AF4777900160EAA /* linux-arm-framework.xcconfig */,
				CFF0A1A81AF4777900160EAA /* linux-i386-framework.xcconfig */,
				CFF0A1A91AF4777900160EAA /* linux-ppc-framework.xcconfig */,
				CFF0A1AA1AF4777900160EAA /* platform-framework.xcconfig */,
				CFF0A1AB1AF4777900160EAA /* solaris-sparc-framework.xcconfig */,
				CFF0A1AC1AF4777900160EAA /* windows-i386-bundle.xcconfig */,
				CFF0A1AD1AF4777900160EAA /* windows-i386-clang.xcconfig */,
				FE06B2691430E8000071169B /* darwin-i386.xcconfig */,
				FE06B26A1430E8000071169B /* darwin-ppc.xcconfig */,
				FE06B26B1430E8000071169B /* darwin-x86_64.xcconfig */,
				FE06B26C1430E8000071169B /* darwin.xcconfig */,
				FE06B26D1430E8000071169B /* freebsd-i386.xcconfig */,
				FE06B26E1430E8000071169B /* freebsd.xcconfig */,
				FE06B26F1430E8000071169B /* linux-arm.xcconfig */,
				FE06B2701430E8000071169B /* linux-i386.xcconfig */,
				FE06B2711430E8000071169B /* linux-ppc.xcconfig */,
				FE06B2721430E8000071169B /* linux.xcconfig */,
				FE06B2731430E8000071169B /* platform.xcconfig */,
				FE06B2741430E8000071169B /* solaris-sparc.xcconfig */,
				FE06B2751430E8000071169B /* solaris.xcconfig */,
				FE06B2761430E8000071169B /* windows-i386.xcconfig */,
				FE06B2771430E8000071169B /* windows.xcconfig */,
				FE708682143117D400B99A95 /* windows-i386-framework.xcconfig */,
			);
			name = xcconfig;
			path = ../xcconfig;
			sourceTree = SOURCE_ROOT;
		};
		FE2A2D0112D2C7760028C06D /* Products */ = {
			isa = PBXGroup;
			children = (
				FE2A2D0712D2C7760028C06D /* OpenGL.framework */,
			);
			name = Products;
			sourceTree = "<group>";
		};
/* End PBXGroup section */

/* Begin PBXHeadersBuildPhase section */
		8DC2EF500486A6940098B216 /* Headers */ = {
			isa = PBXHeadersBuildPhase;
			buildActionMask = 2147483647;
			files = (
				FE43015C11E2531F00EBDD56 /* CVDisplayLink.h in Headers */,
				FE43017C11E253E900EBDD56 /* CoreVideo.h in Headers */,
				FE43045911E2769E00EBDD56 /* CVBase.h in Headers */,
				FE43045B11E2779700EBDD56 /* CVReturn.h in Headers */,
			);
			runOnlyForDeploymentPostprocessing = 0;
		};
/* End PBXHeadersBuildPhase section */

/* Begin PBXNativeTarget section */
		8DC2EF4F0486A6940098B216 /* CoreVideo */ = {
			isa = PBXNativeTarget;
			buildConfigurationList = 1DEB91AD08733DA50010E9CD /* Build configuration list for PBXNativeTarget "CoreVideo" */;
			buildPhases = (
				8DC2EF500486A6940098B216 /* Headers */,
				8DC2EF520486A6940098B216 /* Resources */,
			);
			buildRules = (
			);
			dependencies = (
				50ACFD5D1275F6F8008BEDDD /* PBXTargetDependency */,
				FE2A2D0D12D2C77C0028C06D /* PBXTargetDependency */,
			);
			name = CoreVideo;
			productInstallPath = "$(HOME)/Library/Frameworks";
			productName = CoreVideo;
			productReference = 8DC2EF5B0486A6940098B216 /* CoreVideo.framework */;
			productType = "com.apple.product-type.framework";
		};
/* End PBXNativeTarget section */

/* Begin PBXProject section */
		0867D690FE84028FC02AAC07 /* Project object */ = {
			isa = PBXProject;
			attributes = {
				LastUpgradeCheck = 0460;
			};
			buildConfigurationList = 1DEB91B108733DA50010E9CD /* Build configuration list for PBXProject "CoreVideo" */;
			compatibilityVersion = "Xcode 3.2";
			developmentRegion = English;
			hasScannedForEncodings = 1;
			knownRegions = (
				English,
				Japanese,
				French,
				German,
			);
			mainGroup = 0867D691FE84028FC02AAC07 /* CoreVideo */;
			productRefGroup = 034768DFFF38A50411DB9C8B /* Products */;
			projectDirPath = "";
			projectReferences = (
				{
					ProductGroup = 50ACFD3E1275F6F3008BEDDD /* Products */;
					ProjectRef = 50ACFD3D1275F6F3008BEDDD /* Foundation.xcodeproj */;
				},
				{
					ProductGroup = FE2A2D0112D2C7760028C06D /* Products */;
					ProjectRef = FE2A2D0012D2C7760028C06D /* OpenGL.xcodeproj */;
				},
			);
			projectRoot = "";
			targets = (
				8DC2EF4F0486A6940098B216 /* CoreVideo */,
			);
		};
/* End PBXProject section */

/* Begin PBXReferenceProxy section */
		50ACFD4B1275F6F3008BEDDD /* Foundation.framework */ = {
			isa = PBXReferenceProxy;
			fileType = wrapper.framework;
			path = Foundation.framework;
			remoteRef = 50ACFD4A1275F6F3008BEDDD /* PBXContainerItemProxy */;
			sourceTree = BUILT_PRODUCTS_DIR;
		};
		FE2A2D0712D2C7760028C06D /* OpenGL.framework */ = {
			isa = PBXReferenceProxy;
			fileType = wrapper.framework;
			path = OpenGL.framework;
			remoteRef = FE2A2D0612D2C7760028C06D /* PBXContainerItemProxy */;
			sourceTree = BUILT_PRODUCTS_DIR;
		};
/* End PBXReferenceProxy section */

/* Begin PBXResourcesBuildPhase section */
		8DC2EF520486A6940098B216 /* Resources */ = {
			isa = PBXResourcesBuildPhase;
			buildActionMask = 2147483647;
			files = (
				CF18754019CCFF670058C869 /* (null) in Resources */,
				CF18753819CCFF670058C869 /* (null) in Resources */,
				CF18754819CCFF670058C869 /* (null) in Resources */,
				CF18753019CCFF670058C869 /* (null) in Resources */,
				CFF0A1AE1AF4777900160EAA /* darwin-i386-framework.xcconfig in Resources */,
				CF18753219CCFF670058C869 /* (null) in Resources */,
				CFF0A1B21AF4777900160EAA /* linux-arm-framework.xcconfig in Resources */,
				CF18754319CCFF670058C869 /* (null) in Resources */,
				CF18753419CCFF670058C869 /* (null) in Resources */,
				CFF0A1AF1AF4777900160EAA /* darwin-ppc-framework.xcconfig in Resources */,
				CF18753719CCFF670058C869 /* (null) in Resources */,
				CF18753D19CCFF670058C869 /* (null) in Resources */,
				CFF0A1B11AF4777900160EAA /* freebsd-i386-framework.xcconfig in Resources */,
				CF18752F19CCFF670058C869 /* (null) in Resources */,
				CFF0A1B61AF4777900160EAA /* solaris-sparc-framework.xcconfig in Resources */,
				CFF0A1B01AF4777900160EAA /* darwin-x86_64-framework.xcconfig in Resources */,
				CF18753B19CCFF670058C869 /* (null) in Resources */,
				CFF0A1B81AF4777900160EAA /* windows-i386-clang.xcconfig in Resources */,
				CF18753919CCFF670058C869 /* (null) in Resources */,
				CFF0A1B41AF4777900160EAA /* linux-ppc-framework.xcconfig in Resources */,
				CF18753F19CCFF670058C869 /* (null) in Resources */,
				CF18753C19CCFF670058C869 /* (null) in Resources */,
				CF18753319CCFF670058C869 /* (null) in Resources */,
				CF18753619CCFF670058C869 /* (null) in Resources */,
				CFF0A1B51AF4777900160EAA /* platform-framework.xcconfig in Resources */,
				CF18753E19CCFF670058C869 /* (null) in Resources */,
				CF18754219CCFF670058C869 /* (null) in Resources */,
				CF18754719CCFF670058C869 /* (null) in Resources */,
				CF18752E19CCFF670058C869 /* (null) in Resources */,
				CFF0A1B71AF4777900160EAA /* windows-i386-bundle.xcconfig in Resources */,
				CF18753A19CCFF670058C869 /* (null) in Resources */,
				CF18752D19CCFF670058C869 /* (null) in Resources */,
				CF18754119CCFF670058C869 /* (null) in Resources */,
				CFF0A1B31AF4777900160EAA /* linux-i386-framework.xcconfig in Resources */,
				CF18754419CCFF670058C869 /* (null) in Resources */,
				CF18753119CCFF670058C869 /* (null) in Resources */,
				CF18753519CCFF670058C869 /* (null) in Resources */,
				8DC2EF530486A6940098B216 /* InfoPlist.strings in Resources */,
				CF18754619CCFF670058C869 /* (null) in Resources */,
			);
			runOnlyForDeploymentPostprocessing = 0;
		};
/* End PBXResourcesBuildPhase section */

/* Begin PBXTargetDependency section */
		50ACFD5D1275F6F8008BEDDD /* PBXTargetDependency */ = {
			isa = PBXTargetDependency;
			name = "Foundation-Windows-i386";
			targetProxy = 50ACFD5C1275F6F8008BEDDD /* PBXContainerItemProxy */;
		};
		FE2A2D0D12D2C77C0028C06D /* PBXTargetDependency */ = {
			isa = PBXTargetDependency;
			name = "OpenGL-Windows-i386";
			targetProxy = FE2A2D0C12D2C77C0028C06D /* PBXContainerItemProxy */;
		};
/* End PBXTargetDependency section */

/* Begin PBXVariantGroup section */
		089C1666FE841158C02AAC07 /* InfoPlist.strings */ = {
			isa = PBXVariantGroup;
			children = (
				089C1667FE841158C02AAC07 /* English */,
			);
			name = InfoPlist.strings;
			sourceTree = "<group>";
		};
/* End PBXVariantGroup section */

/* Begin XCBuildConfiguration section */
		1DEB91AF08733DA50010E9CD /* Windows-i386 */ = {
			isa = XCBuildConfiguration;
			baseConfigurationReference = FE708682143117D400B99A95 /* windows-i386-framework.xcconfig */;
			buildSettings = {
				INFOPLIST_FILE = Info.plist;
				PRODUCT_NAME = CoreVideo;
			};
			name = "Windows-i386";
		};
		1DEB91B308733DA50010E9CD /* Windows-i386 */ = {
			isa = XCBuildConfiguration;
			buildSettings = {
			};
			name = "Windows-i386";
		};
		CFF0A1A01AF4773D00160EAA /* Linux-i386 */ = {
			isa = XCBuildConfiguration;
			buildSettings = {
			};
			name = "Linux-i386";
		};
		CFF0A1A11AF4773D00160EAA /* Linux-i386 */ = {
			isa = XCBuildConfiguration;
			baseConfigurationReference = CFF0A1A81AF4777900160EAA /* linux-i386-framework.xcconfig */;
			buildSettings = {
				INFOPLIST_FILE = Info.plist;
				PRODUCT_NAME = CoreVideo;
			};
			name = "Linux-i386";
		};
/* End XCBuildConfiguration section */

/* Begin XCConfigurationList section */
		1DEB91AD08733DA50010E9CD /* Build configuration list for PBXNativeTarget "CoreVideo" */ = {
			isa = XCConfigurationList;
			buildConfigurations = (
				1DEB91AF08733DA50010E9CD /* Windows-i386 */,
				CFF0A1A11AF4773D00160EAA /* Linux-i386 */,
			);
			defaultConfigurationIsVisible = 0;
			defaultConfigurationName = "Windows-i386";
		};
		1DEB91B108733DA50010E9CD /* Build configuration list for PBXProject "CoreVideo" */ = {
			isa = XCConfigurationList;
			buildConfigurations = (
				1DEB91B308733DA50010E9CD /* Windows-i386 */,
				CFF0A1A01AF4773D00160EAA /* Linux-i386 */,
			);
			defaultConfigurationIsVisible = 0;
			defaultConfigurationName = "Windows-i386";
		};
/* End XCConfigurationList section */
	};
	rootObject = 0867D690FE84028FC02AAC07 /* Project object */;
}
