// !$*UTF8*$!
{
	archiveVersion = 1;
	classes = {
	};
	objectVersion = 46;
	objects = {

/* Begin PBXBuildFile section */
		F22E4EBF1728621600876C2D /* main.cpp in Sources */ = {isa = PBXBuildFile; fileRef = F22E4EBE1728621600876C2D /* main.cpp */; };
		F22E4EC11728621600876C2D /* BonjourTop.1 in CopyFiles */ = {isa = PBXBuildFile; fileRef = F22E4EC01728621600876C2D /* BonjourTop.1 */; };
		F22E4EDF172863F100876C2D /* bjIPAddr.cpp in Sources */ = {isa = PBXBuildFile; fileRef = F22E4EDC1728635200876C2D /* bjIPAddr.cpp */; };
		F22E4EE0172863FB00876C2D /* bjMACAddr.cpp in Sources */ = {isa = PBXBuildFile; fileRef = F22E4EC91728635200876C2D /* bjMACAddr.cpp */; };
		F22E4EE1172863FE00876C2D /* bjsocket.cpp in Sources */ = {isa = PBXBuildFile; fileRef = F22E4ED71728635200876C2D /* bjsocket.cpp */; };
		F22E4EE21728640500876C2D /* bjstring.cpp in Sources */ = {isa = PBXBuildFile; fileRef = F22E4EDB1728635200876C2D /* bjstring.cpp */; };
		F22E4EE31728640800876C2D /* bjStringtoStringMap.cpp in Sources */ = {isa = PBXBuildFile; fileRef = F22E4ED01728635200876C2D /* bjStringtoStringMap.cpp */; };
		F22E4EE41728640C00876C2D /* BonjourTop.cpp in Sources */ = {isa = PBXBuildFile; fileRef = F22E4EDE1728635200876C2D /* BonjourTop.cpp */; };
		F22E4EE51728640E00876C2D /* CaptureFile.cpp in Sources */ = {isa = PBXBuildFile; fileRef = F22E4ECA1728635200876C2D /* CaptureFile.cpp */; };
		F22E4EE61728641100876C2D /* CollectBy.cpp in Sources */ = {isa = PBXBuildFile; fileRef = F22E4ECC1728635200876C2D /* CollectBy.cpp */; };
		F22E4EE71728641400876C2D /* DNSFrame.cpp in Sources */ = {isa = PBXBuildFile; fileRef = F22E4ED91728635200876C2D /* DNSFrame.cpp */; };
		F22E4EE81728641800876C2D /* LLRBTree.cpp in Sources */ = {isa = PBXBuildFile; fileRef = F22E4EC81728635200876C2D /* LLRBTree.cpp */; };
		F22E4EE91728653E00876C2D /* Frame.cpp in Sources */ = {isa = PBXBuildFile; fileRef = F22E4ED51728635200876C2D /* Frame.cpp */; };
/* End PBXBuildFile section */

/* Begin PBXCopyFilesBuildPhase section */
		F22E4EB91728621500876C2D /* CopyFiles */ = {
			isa = PBXCopyFilesBuildPhase;
			buildActionMask = 2147483647;
			dstPath = /usr/share/man/man1/;
			dstSubfolderSpec = 0;
			files = (
				F22E4EC11728621600876C2D /* BonjourTop.1 in CopyFiles */,
			);
			runOnlyForDeploymentPostprocessing = 1;
		};
/* End PBXCopyFilesBuildPhase section */

/* Begin PBXFileReference section */
		F22E4EBB1728621500876C2D /* bonjourtop */ = {isa = PBXFileReference; explicitFileType = "compiled.mach-o.executable"; includeInIndex = 0; path = bonjourtop; sourceTree = BUILT_PRODUCTS_DIR; };
		F22E4EBE1728621600876C2D /* main.cpp */ = {isa = PBXFileReference; lastKnownFileType = sourcecode.cpp.cpp; path = main.cpp; sourceTree = "<group>"; };
		F22E4EC01728621600876C2D /* BonjourTop.1 */ = {isa = PBXFileReference; lastKnownFileType = text.man; path = BonjourTop.1; sourceTree = "<group>"; };
		F22E4EC71728635200876C2D /* bjtypes.h */ = {isa = PBXFileReference; lastKnownFileType = sourcecode.c.h; path = bjtypes.h; sourceTree = "<group>"; };
		F22E4EC81728635200876C2D /* LLRBTree.cpp */ = {isa = PBXFileReference; lastKnownFileType = sourcecode.cpp.cpp; path = LLRBTree.cpp; sourceTree = "<group>"; };
		F22E4EC91728635200876C2D /* bjMACAddr.cpp */ = {isa = PBXFileReference; lastKnownFileType = sourcecode.cpp.cpp; path = bjMACAddr.cpp; sourceTree = "<group>"; };
		F22E4ECA1728635200876C2D /* CaptureFile.cpp */ = {isa = PBXFileReference; lastKnownFileType = sourcecode.cpp.cpp; path = CaptureFile.cpp; sourceTree = "<group>"; };
		F22E4ECB1728635200876C2D /* CollectBy.h */ = {isa = PBXFileReference; lastKnownFileType = sourcecode.c.h; path = CollectBy.h; sourceTree = "<group>"; };
		F22E4ECC1728635200876C2D /* CollectBy.cpp */ = {isa = PBXFileReference; lastKnownFileType = sourcecode.cpp.cpp; path = CollectBy.cpp; sourceTree = "<group>"; };
		F22E4ECD1728635200876C2D /* bjstring.h */ = {isa = PBXFileReference; lastKnownFileType = sourcecode.c.h; path = bjstring.h; sourceTree = "<group>"; };
		F22E4ECF1728635200876C2D /* bjMACAddr.h */ = {isa = PBXFileReference; lastKnownFileType = sourcecode.c.h; path = bjMACAddr.h; sourceTree = "<group>"; };
		F22E4ED01728635200876C2D /* bjStringtoStringMap.cpp */ = {isa = PBXFileReference; lastKnownFileType = sourcecode.cpp.cpp; path = bjStringtoStringMap.cpp; sourceTree = "<group>"; };
		F22E4ED11728635200876C2D /* bjStringtoStringMap.h */ = {isa = PBXFileReference; lastKnownFileType = sourcecode.c.h; path = bjStringtoStringMap.h; sourceTree = "<group>"; };
		F22E4ED21728635200876C2D /* LLRBTree.h */ = {isa = PBXFileReference; lastKnownFileType = sourcecode.c.h; path = LLRBTree.h; sourceTree = "<group>"; };
		F22E4ED31728635200876C2D /* Frame.h */ = {isa = PBXFileReference; lastKnownFileType = sourcecode.c.h; path = Frame.h; sourceTree = "<group>"; };
		F22E4ED41728635200876C2D /* CaptureFile.h */ = {isa = PBXFileReference; lastKnownFileType = sourcecode.c.h; path = CaptureFile.h; sourceTree = "<group>"; };
		F22E4ED51728635200876C2D /* Frame.cpp */ = {isa = PBXFileReference; lastKnownFileType = sourcecode.cpp.cpp; path = Frame.cpp; sourceTree = "<group>"; };
		F22E4ED61728635200876C2D /* bjsocket.h */ = {isa = PBXFileReference; lastKnownFileType = sourcecode.c.h; path = bjsocket.h; sourceTree = "<group>"; };
		F22E4ED71728635200876C2D /* bjsocket.cpp */ = {isa = PBXFileReference; lastKnownFileType = sourcecode.cpp.cpp; path = bjsocket.cpp; sourceTree = "<group>"; };
		F22E4ED81728635200876C2D /* DNSFrame.h */ = {isa = PBXFileReference; lastKnownFileType = sourcecode.c.h; path = DNSFrame.h; sourceTree = "<group>"; };
		F22E4ED91728635200876C2D /* DNSFrame.cpp */ = {isa = PBXFileReference; lastKnownFileType = sourcecode.cpp.cpp; path = DNSFrame.cpp; sourceTree = "<group>"; };
		F22E4EDA1728635200876C2D /* BonjourTop.h */ = {isa = PBXFileReference; lastKnownFileType = sourcecode.c.h; path = BonjourTop.h; sourceTree = "<group>"; };
		F22E4EDB1728635200876C2D /* bjstring.cpp */ = {isa = PBXFileReference; lastKnownFileType = sourcecode.cpp.cpp; path = bjstring.cpp; sourceTree = "<group>"; };
		F22E4EDC1728635200876C2D /* bjIPAddr.cpp */ = {isa = PBXFileReference; lastKnownFileType = sourcecode.cpp.cpp; path = bjIPAddr.cpp; sourceTree = "<group>"; };
		F22E4EDD1728635200876C2D /* bjIPAddr.h */ = {isa = PBXFileReference; lastKnownFileType = sourcecode.c.h; path = bjIPAddr.h; sourceTree = "<group>"; };
		F22E4EDE1728635200876C2D /* BonjourTop.cpp */ = {isa = PBXFileReference; lastKnownFileType = sourcecode.cpp.cpp; path = BonjourTop.cpp; sourceTree = "<group>"; };
/* End PBXFileReference section */

/* Begin PBXFrameworksBuildPhase section */
		F22E4EB81728621500876C2D /* Frameworks */ = {
			isa = PBXFrameworksBuildPhase;
			buildActionMask = 2147483647;
			files = (
			);
			runOnlyForDeploymentPostprocessing = 0;
		};
/* End PBXFrameworksBuildPhase section */

/* Begin PBXGroup section */
		F22E4EB21728621500876C2D = {
			isa = PBXGroup;
			children = (
				F22E4EBD1728621500876C2D /* source */,
				F22E4EBC1728621500876C2D /* Products */,
			);
			sourceTree = "<group>";
		};
		F22E4EBC1728621500876C2D /* Products */ = {
			isa = PBXGroup;
			children = (
				F22E4EBB1728621500876C2D /* bonjourtop */,
			);
			name = Products;
			sourceTree = "<group>";
		};
		F22E4EBD1728621500876C2D /* source */ = {
			isa = PBXGroup;
			children = (
				F22E4EDC1728635200876C2D /* bjIPAddr.cpp */,
				F22E4EDD1728635200876C2D /* bjIPAddr.h */,
				F22E4EC91728635200876C2D /* bjMACAddr.cpp */,
				F22E4ECF1728635200876C2D /* bjMACAddr.h */,
				F22E4ED71728635200876C2D /* bjsocket.cpp */,
				F22E4ED61728635200876C2D /* bjsocket.h */,
				F22E4EDB1728635200876C2D /* bjstring.cpp */,
				F22E4ECD1728635200876C2D /* bjstring.h */,
				F22E4ED01728635200876C2D /* bjStringtoStringMap.cpp */,
				F22E4ED11728635200876C2D /* bjStringtoStringMap.h */,
				F22E4EC71728635200876C2D /* bjtypes.h */,
				F22E4EC01728621600876C2D /* BonjourTop.1 */,
				F22E4EDE1728635200876C2D /* BonjourTop.cpp */,
				F22E4EDA1728635200876C2D /* BonjourTop.h */,
				F22E4ECA1728635200876C2D /* CaptureFile.cpp */,
				F22E4ED41728635200876C2D /* CaptureFile.h */,
				F22E4ECC1728635200876C2D /* CollectBy.cpp */,
				F22E4ECB1728635200876C2D /* CollectBy.h */,
				F22E4ED91728635200876C2D /* DNSFrame.cpp */,
				F22E4ED81728635200876C2D /* DNSFrame.h */,
				F22E4ED51728635200876C2D /* Frame.cpp */,
				F22E4ED31728635200876C2D /* Frame.h */,
				F22E4EC81728635200876C2D /* LLRBTree.cpp */,
				F22E4ED21728635200876C2D /* LLRBTree.h */,
				F22E4EBE1728621600876C2D /* main.cpp */,
			);
			path = source;
			sourceTree = "<group>";
		};
/* End PBXGroup section */

/* Begin PBXNativeTarget section */
		F22E4EBA1728621500876C2D /* BonjourTop */ = {
			isa = PBXNativeTarget;
			buildConfigurationList = F22E4EC41728621600876C2D /* Build configuration list for PBXNativeTarget "BonjourTop" */;
			buildPhases = (
				F22E4EB71728621500876C2D /* Sources */,
				F22E4EB81728621500876C2D /* Frameworks */,
				F22E4EB91728621500876C2D /* CopyFiles */,
			);
			buildRules = (
			);
			dependencies = (
			);
			name = BonjourTop;
			productName = BonjourTop;
			productReference = F22E4EBB1728621500876C2D /* bonjourtop */;
			productType = "com.apple.product-type.tool";
		};
/* End PBXNativeTarget section */

/* Begin PBXProject section */
		F22E4EB31728621500876C2D /* Project object */ = {
			isa = PBXProject;
			attributes = {
				LastUpgradeCheck = 0500;
				ORGANIZATIONNAME = Apple;
			};
			buildConfigurationList = F22E4EB61728621500876C2D /* Build configuration list for PBXProject "BonjourTop" */;
			compatibilityVersion = "Xcode 3.2";
			developmentRegion = English;
			hasScannedForEncodings = 0;
			knownRegions = (
				en,
			);
			mainGroup = F22E4EB21728621500876C2D;
			productRefGroup = F22E4EBC1728621500876C2D /* Products */;
			projectDirPath = "";
			projectRoot = "";
			targets = (
				F22E4EBA1728621500876C2D /* BonjourTop */,
			);
		};
/* End PBXProject section */

/* Begin PBXSourcesBuildPhase section */
		F22E4EB71728621500876C2D /* Sources */ = {
			isa = PBXSourcesBuildPhase;
			buildActionMask = 2147483647;
			files = (
				F22E4EE0172863FB00876C2D /* bjMACAddr.cpp in Sources */,
				F22E4EE61728641100876C2D /* CollectBy.cpp in Sources */,
				F22E4EE21728640500876C2D /* bjstring.cpp in Sources */,
				F22E4EE41728640C00876C2D /* BonjourTop.cpp in Sources */,
				F22E4EBF1728621600876C2D /* main.cpp in Sources */,
				F22E4EE51728640E00876C2D /* CaptureFile.cpp in Sources */,
				F22E4EE31728640800876C2D /* bjStringtoStringMap.cpp in Sources */,
				F22E4EE1172863FE00876C2D /* bjsocket.cpp in Sources */,
				F22E4EE81728641800876C2D /* LLRBTree.cpp in Sources */,
				F22E4EE91728653E00876C2D /* Frame.cpp in Sources */,
				F22E4EDF172863F100876C2D /* bjIPAddr.cpp in Sources */,
				F22E4EE71728641400876C2D /* DNSFrame.cpp in Sources */,
			);
			runOnlyForDeploymentPostprocessing = 0;
		};
/* End PBXSourcesBuildPhase section */

/* Begin XCBuildConfiguration section */
		F22E4EC21728621600876C2D /* Debug */ = {
			isa = XCBuildConfiguration;
			buildSettings = {
				ALWAYS_SEARCH_USER_PATHS = NO;
				CLANG_CXX_LANGUAGE_STANDARD = "gnu++0x";
				CLANG_CXX_LIBRARY = "libc++";
				CLANG_WARN_BOOL_CONVERSION = YES;
				CLANG_WARN_CONSTANT_CONVERSION = YES;
				CLANG_WARN_EMPTY_BODY = YES;
				CLANG_WARN_ENUM_CONVERSION = YES;
				CLANG_WARN_INT_CONVERSION = YES;
				CLANG_WARN_OBJC_ROOT_CLASS = YES_ERROR;
				CLANG_WARN__DUPLICATE_METHOD_MATCH = YES;
				COPY_PHASE_STRIP = NO;
				GCC_C_LANGUAGE_STANDARD = gnu99;
				GCC_DYNAMIC_NO_PIC = NO;
				GCC_ENABLE_OBJC_EXCEPTIONS = YES;
				GCC_OPTIMIZATION_LEVEL = 0;
				GCC_PREPROCESSOR_DEFINITIONS = (
					"DEBUG=1",
					"$(inherited)",
				);
				GCC_SYMBOLS_PRIVATE_EXTERN = NO;
				GCC_WARN_64_TO_32_BIT_CONVERSION = YES;
				GCC_WARN_ABOUT_RETURN_TYPE = YES;
				GCC_WARN_UNDECLARED_SELECTOR = YES;
				GCC_WARN_UNINITIALIZED_AUTOS = YES;
				GCC_WARN_UNUSED_VARIABLE = YES;
				MACOSX_DEPLOYMENT_TARGET = 10.9;
				ONLY_ACTIVE_ARCH = YES;
				SDKROOT = macosx;
			};
			name = Debug;
		};
		F22E4EC31728621600876C2D /* Release */ = {
			isa = XCBuildConfiguration;
			buildSettings = {
				ALWAYS_SEARCH_USER_PATHS = NO;
				CLANG_CXX_LANGUAGE_STANDARD = "gnu++0x";
				CLANG_CXX_LIBRARY = "libc++";
				CLANG_WARN_BOOL_CONVERSION = YES;
				CLANG_WARN_CONSTANT_CONVERSION = YES;
				CLANG_WARN_EMPTY_BODY = YES;
				CLANG_WARN_ENUM_CONVERSION = YES;
				CLANG_WARN_INT_CONVERSION = YES;
				CLANG_WARN_OBJC_ROOT_CLASS = YES_ERROR;
				CLANG_WARN__DUPLICATE_METHOD_MATCH = YES;
				COPY_PHASE_STRIP = YES;
				DEBUG_INFORMATION_FORMAT = "dwarf-with-dsym";
				ENABLE_NS_ASSERTIONS = NO;
				GCC_C_LANGUAGE_STANDARD = gnu99;
				GCC_ENABLE_OBJC_EXCEPTIONS = YES;
				GCC_WARN_64_TO_32_BIT_CONVERSION = YES;
				GCC_WARN_ABOUT_RETURN_TYPE = YES;
				GCC_WARN_UNDECLARED_SELECTOR = YES;
				GCC_WARN_UNINITIALIZED_AUTOS = YES;
				GCC_WARN_UNUSED_VARIABLE = YES;
				MACOSX_DEPLOYMENT_TARGET = 10.9;
				SDKROOT = macosx;
			};
			name = Release;
		};
		F22E4EC51728621600876C2D /* Debug */ = {
			isa = XCBuildConfiguration;
			buildSettings = {
				"OTHER_LDFLAGS[arch=*]" = "-lncurses";
				PRODUCT_NAME = bonjourtop;
			};
			name = Debug;
		};
		F22E4EC61728621600876C2D /* Release */ = {
			isa = XCBuildConfiguration;
			buildSettings = {
				"OTHER_LDFLAGS[arch=*]" = "-lncurses";
				PRODUCT_NAME = bonjourtop;
			};
			name = Release;
		};
/* End XCBuildConfiguration section */

/* Begin XCConfigurationList section */
		F22E4EB61728621500876C2D /* Build configuration list for PBXProject "BonjourTop" */ = {
			isa = XCConfigurationList;
			buildConfigurations = (
				F22E4EC21728621600876C2D /* Debug */,
				F22E4EC31728621600876C2D /* Release */,
			);
			defaultConfigurationIsVisible = 0;
			defaultConfigurationName = Release;
		};
		F22E4EC41728621600876C2D /* Build configuration list for PBXNativeTarget "BonjourTop" */ = {
			isa = XCConfigurationList;
			buildConfigurations = (
				F22E4EC51728621600876C2D /* Debug */,
				F22E4EC61728621600876C2D /* Release */,
			);
			defaultConfigurationIsVisible = 0;
			defaultConfigurationName = Release;
		};
/* End XCConfigurationList section */
	};
	rootObject = F22E4EB31728621500876C2D /* Project object */;
}
