// !$*UTF8*$!
{
	archiveVersion = 1;
	classes = {
	};
	objectVersion = 46;
	objects = {

/* Begin PBXBuildFile section */
		FE74338610A89A9D004CDF00 /* CFNetwork.h in Headers */ = {isa = PBXBuildFile; fileRef = FE74338510A89A9D004CDF00 /* CFNetwork.h */; settings = {ATTRIBUTES = (Public, ); }; };
		FEC121A910EFC6C000FD1B47 /* CFSocketStream.h in Headers */ = {isa = PBXBuildFile; fileRef = FEC121A810EFC6C000FD1B47 /* CFSocketStream.h */; settings = {ATTRIBUTES = (Public, ); }; };
		FEC121CD10EFC89500FD1B47 /* CFNetServices.h in Headers */ = {isa = PBXBuildFile; fileRef = FEC121CC10EFC89500FD1B47 /* CFNetServices.h */; settings = {ATTRIBUTES = (Public, ); }; };
		FEC121D710EFC92800FD1B47 /* CFHost.h in Headers */ = {isa = PBXBuildFile; fileRef = FEC121D610EFC92800FD1B47 /* CFHost.h */; settings = {ATTRIBUTES = (Public, ); }; };
		FEC1221910EFCB9A00FD1B47 /* CFNetworkExport.h in Headers */ = {isa = PBXBuildFile; fileRef = FEC1221810EFCB9A00FD1B47 /* CFNetworkExport.h */; settings = {ATTRIBUTES = (Public, ); }; };
/* End PBXBuildFile section */

/* Begin PBXFileReference section */
		0867D69BFE84028FC02AAC07 /* Foundation.framework */ = {isa = PBXFileReference; lastKnownFileType = wrapper.framework; name = Foundation.framework; path = /System/Library/Frameworks/Foundation.framework; sourceTree = "<absolute>"; };
		089C1667FE841158C02AAC07 /* English */ = {isa = PBXFileReference; fileEncoding = 4; lastKnownFileType = text.plist.strings; name = English; path = English.lproj/InfoPlist.strings; sourceTree = "<group>"; };
		8DC2EF5A0486A6940098B216 /* Info.plist */ = {isa = PBXFileReference; fileEncoding = 4; lastKnownFileType = text.plist.xml; path = Info.plist; sourceTree = "<group>"; };
		8DC2EF5B0486A6940098B216 /* CFNetwork.framework */ = {isa = PBXFileReference; explicitFileType = wrapper.framework; includeInIndex = 0; path = CFNetwork.framework; sourceTree = BUILT_PRODUCTS_DIR; };
		FE7084D21431172900B99A95 /* windows-i386-framework.xcconfig */ = {isa = PBXFileReference; fileEncoding = 4; lastKnownFileType = text.xcconfig; path = "windows-i386-framework.xcconfig"; sourceTree = "<group>"; };
		FE74338510A89A9D004CDF00 /* CFNetwork.h */ = {isa = PBXFileReference; fileEncoding = 4; lastKnownFileType = sourcecode.c.h; path = CFNetwork.h; sourceTree = "<group>"; };
		FEC0A3A117093576002A60B7 /* darwin-i386-framework.xcconfig */ = {isa = PBXFileReference; fileEncoding = 4; lastKnownFileType = text.xcconfig; path = "darwin-i386-framework.xcconfig"; sourceTree = "<group>"; };
		FEC0A3A217093576002A60B7 /* darwin-ppc-framework.xcconfig */ = {isa = PBXFileReference; fileEncoding = 4; lastKnownFileType = text.xcconfig; path = "darwin-ppc-framework.xcconfig"; sourceTree = "<group>"; };
		FEC0A3A317093576002A60B7 /* darwin-x86_64-framework.xcconfig */ = {isa = PBXFileReference; fileEncoding = 4; lastKnownFileType = text.xcconfig; path = "darwin-x86_64-framework.xcconfig"; sourceTree = "<group>"; };
		FEC0A3A417093576002A60B7 /* freebsd-i386-framework.xcconfig */ = {isa = PBXFileReference; fileEncoding = 4; lastKnownFileType = text.xcconfig; path = "freebsd-i386-framework.xcconfig"; sourceTree = "<group>"; };
		FEC0A3A517093576002A60B7 /* linux-arm-framework.xcconfig */ = {isa = PBXFileReference; fileEncoding = 4; lastKnownFileType = text.xcconfig; path = "linux-arm-framework.xcconfig"; sourceTree = "<group>"; };
		FEC0A3A617093576002A60B7 /* linux-i386-framework.xcconfig */ = {isa = PBXFileReference; fileEncoding = 4; lastKnownFileType = text.xcconfig; path = "linux-i386-framework.xcconfig"; sourceTree = "<group>"; };
		FEC0A3A717093576002A60B7 /* linux-ppc-framework.xcconfig */ = {isa = PBXFileReference; fileEncoding = 4; lastKnownFileType = text.xcconfig; path = "linux-ppc-framework.xcconfig"; sourceTree = "<group>"; };
		FEC0A3A817093576002A60B7 /* solaris-sparc-framework.xcconfig */ = {isa = PBXFileReference; fileEncoding = 4; lastKnownFileType = text.xcconfig; path = "solaris-sparc-framework.xcconfig"; sourceTree = "<group>"; };
		FEC121A810EFC6C000FD1B47 /* CFSocketStream.h */ = {isa = PBXFileReference; fileEncoding = 4; lastKnownFileType = sourcecode.c.h; path = CFSocketStream.h; sourceTree = "<group>"; };
		FEC121CC10EFC89500FD1B47 /* CFNetServices.h */ = {isa = PBXFileReference; fileEncoding = 4; lastKnownFileType = sourcecode.c.h; path = CFNetServices.h; sourceTree = "<group>"; };
		FEC121D610EFC92800FD1B47 /* CFHost.h */ = {isa = PBXFileReference; fileEncoding = 4; lastKnownFileType = sourcecode.c.h; path = CFHost.h; sourceTree = "<group>"; };
		FEC1221810EFCB9A00FD1B47 /* CFNetworkExport.h */ = {isa = PBXFileReference; fileEncoding = 4; lastKnownFileType = sourcecode.c.h; path = CFNetworkExport.h; sourceTree = "<group>"; };
/* End PBXFileReference section */

/* Begin PBXGroup section */
		034768DFFF38A50411DB9C8B /* Products */ = {
			isa = PBXGroup;
			children = (
				8DC2EF5B0486A6940098B216 /* CFNetwork.framework */,
			);
			name = Products;
			sourceTree = "<group>";
		};
		0867D691FE84028FC02AAC07 /* CFNetwork */ = {
			isa = PBXGroup;
			children = (
				FE1E55BD143030B7000D60A1 /* xcconfig */,
				FEC1221810EFCB9A00FD1B47 /* CFNetworkExport.h */,
				FEC121D610EFC92800FD1B47 /* CFHost.h */,
				FEC121A810EFC6C000FD1B47 /* CFSocketStream.h */,
				FE74338510A89A9D004CDF00 /* CFNetwork.h */,
				FEC121CC10EFC89500FD1B47 /* CFNetServices.h */,
				32C88DFF0371C24200C91783 /* Other Sources */,
				089C1665FE841158C02AAC07 /* Resources */,
				0867D69AFE84028FC02AAC07 /* External Frameworks and Libraries */,
				034768DFFF38A50411DB9C8B /* Products */,
			);
			indentWidth = 4;
			name = CFNetwork;
			sourceTree = "<group>";
			tabWidth = 4;
			usesTabs = 0;
		};
		0867D69AFE84028FC02AAC07 /* External Frameworks and Libraries */ = {
			isa = PBXGroup;
			children = (
				1058C7B0FEA5585E11CA2CBB /* Linked Frameworks */,
				1058C7B2FEA5585E11CA2CBB /* Other Frameworks */,
			);
			name = "External Frameworks and Libraries";
			sourceTree = "<group>";
		};
		089C1665FE841158C02AAC07 /* Resources */ = {
			isa = PBXGroup;
			children = (
				8DC2EF5A0486A6940098B216 /* Info.plist */,
				089C1666FE841158C02AAC07 /* InfoPlist.strings */,
			);
			name = Resources;
			sourceTree = "<group>";
		};
		1058C7B0FEA5585E11CA2CBB /* Linked Frameworks */ = {
			isa = PBXGroup;
			children = (
			);
			name = "Linked Frameworks";
			sourceTree = "<group>";
		};
		1058C7B2FEA5585E11CA2CBB /* Other Frameworks */ = {
			isa = PBXGroup;
			children = (
				0867D69BFE84028FC02AAC07 /* Foundation.framework */,
			);
			name = "Other Frameworks";
			sourceTree = "<group>";
		};
		32C88DFF0371C24200C91783 /* Other Sources */ = {
			isa = PBXGroup;
			children = (
			);
			name = "Other Sources";
			sourceTree = "<group>";
		};
		FE1E55BD143030B7000D60A1 /* xcconfig */ = {
			isa = PBXGroup;
			children = (
				FEC0A3A117093576002A60B7 /* darwin-i386-framework.xcconfig */,
				FEC0A3A217093576002A60B7 /* darwin-ppc-framework.xcconfig */,
				FEC0A3A317093576002A60B7 /* darwin-x86_64-framework.xcconfig */,
				FEC0A3A417093576002A60B7 /* freebsd-i386-framework.xcconfig */,
				FEC0A3A517093576002A60B7 /* linux-arm-framework.xcconfig */,
				FEC0A3A617093576002A60B7 /* linux-i386-framework.xcconfig */,
				FEC0A3A717093576002A60B7 /* linux-ppc-framework.xcconfig */,
				FEC0A3A817093576002A60B7 /* solaris-sparc-framework.xcconfig */,
				FE7084D21431172900B99A95 /* windows-i386-framework.xcconfig */,
			);
			name = xcconfig;
			path = ../xcconfig;
			sourceTree = SOURCE_ROOT;
		};
/* End PBXGroup section */

/* Begin PBXHeadersBuildPhase section */
		8DC2EF500486A6940098B216 /* Headers */ = {
			isa = PBXHeadersBuildPhase;
			buildActionMask = 2147483647;
			files = (
				FE74338610A89A9D004CDF00 /* CFNetwork.h in Headers */,
				FEC121A910EFC6C000FD1B47 /* CFSocketStream.h in Headers */,
				FEC121CD10EFC89500FD1B47 /* CFNetServices.h in Headers */,
				FEC121D710EFC92800FD1B47 /* CFHost.h in Headers */,
				FEC1221910EFCB9A00FD1B47 /* CFNetworkExport.h in Headers */,
			);
			runOnlyForDeploymentPostprocessing = 0;
		};
/* End PBXHeadersBuildPhase section */

/* Begin PBXNativeTarget section */
		8DC2EF4F0486A6940098B216 /* CFNetwork */ = {
			isa = PBXNativeTarget;
			buildConfigurationList = 1DEB91AD08733DA50010E9CD /* Build configuration list for PBXNativeTarget "CFNetwork" */;
			buildPhases = (
				8DC2EF500486A6940098B216 /* Headers */,
			);
			buildRules = (
			);
			dependencies = (
			);
			name = CFNetwork;
			productInstallPath = "$(HOME)/Library/Frameworks";
			productName = CFNetwork;
			productReference = 8DC2EF5B0486A6940098B216 /* CFNetwork.framework */;
			productType = "com.apple.product-type.framework";
		};
/* End PBXNativeTarget section */

/* Begin PBXProject section */
		0867D690FE84028FC02AAC07 /* Project object */ = {
			isa = PBXProject;
			attributes = {
				LastUpgradeCheck = 0460;
			};
			buildConfigurationList = 1DEB91B108733DA50010E9CD /* Build configuration list for PBXProject "CFNetwork" */;
			compatibilityVersion = "Xcode 3.2";
			developmentRegion = English;
			hasScannedForEncodings = 1;
			knownRegions = (
				English,
				Japanese,
				French,
				German,
			);
			mainGroup = 0867D691FE84028FC02AAC07 /* CFNetwork */;
			productRefGroup = 034768DFFF38A50411DB9C8B /* Products */;
			projectDirPath = "";
			projectRoot = "";
			targets = (
				8DC2EF4F0486A6940098B216 /* CFNetwork */,
			);
		};
/* End PBXProject section */

/* Begin PBXVariantGroup section */
		089C1666FE841158C02AAC07 /* InfoPlist.strings */ = {
			isa = PBXVariantGroup;
			children = (
				089C1667FE841158C02AAC07 /* English */,
			);
			name = InfoPlist.strings;
			sourceTree = "<group>";
		};
/* End PBXVariantGroup section */

/* Begin XCBuildConfiguration section */
		1DEB91AE08733DA50010E9CD /* Windows-i386 */ = {
			isa = XCBuildConfiguration;
			baseConfigurationReference = FE7084D21431172900B99A95 /* windows-i386-framework.xcconfig */;
			buildSettings = {
				INFOPLIST_FILE = Info.plist;
				PRODUCT_NAME = CFNetwork;
			};
			name = "Windows-i386";
		};
		1DEB91AF08733DA50010E9CD /* Linux-i386 */ = {
			isa = XCBuildConfiguration;
			baseConfigurationReference = FEC0A3A617093576002A60B7 /* linux-i386-framework.xcconfig */;
			buildSettings = {
				INFOPLIST_FILE = Info.plist;
				PRODUCT_NAME = CFNetwork;
			};
			name = "Linux-i386";
		};
		1DEB91B208733DA50010E9CD /* Windows-i386 */ = {
			isa = XCBuildConfiguration;
			buildSettings = {
			};
			name = "Windows-i386";
		};
		1DEB91B308733DA50010E9CD /* Linux-i386 */ = {
			isa = XCBuildConfiguration;
			buildSettings = {
			};
			name = "Linux-i386";
		};
		CFC5B4651AF4687600FBB52A /* Darwin-i386 */ = {
			isa = XCBuildConfiguration;
			buildSettings = {
			};
			name = "Darwin-i386";
		};
		CFC5B4661AF4687600FBB52A /* Darwin-i386 */ = {
			isa = XCBuildConfiguration;
			baseConfigurationReference = FEC0A3A117093576002A60B7 /* darwin-i386-framework.xcconfig */;
			buildSettings = {
				INFOPLIST_FILE = Info.plist;
				PRODUCT_NAME = CFNetwork;
			};
			name = "Darwin-i386";
		};
		CFC5B46B1AF4687C00FBB52A /* FreeBSD-i386 */ = {
			isa = XCBuildConfiguration;
			buildSettings = {
			};
			name = "FreeBSD-i386";
		};
		CFC5B46C1AF4687C00FBB52A /* FreeBSD-i386 */ = {
			isa = XCBuildConfiguration;
			baseConfigurationReference = FEC0A3A417093576002A60B7 /* freebsd-i386-framework.xcconfig */;
			buildSettings = {
				INFOPLIST_FILE = Info.plist;
				PRODUCT_NAME = CFNetwork;
			};
			name = "FreeBSD-i386";
		};
		CFC5B4711AF468AB00FBB52A /* Darwin-x86_64 */ = {
			isa = XCBuildConfiguration;
			buildSettings = {
			};
			name = "Darwin-x86_64";
		};
		CFC5B4721AF468AB00FBB52A /* Darwin-x86_64 */ = {
			isa = XCBuildConfiguration;
			baseConfigurationReference = FEC0A3A317093576002A60B7 /* darwin-x86_64-framework.xcconfig */;
			buildSettings = {
				INFOPLIST_FILE = Info.plist;
				PRODUCT_NAME = CFNetwork;
			};
			name = "Darwin-x86_64";
		};
/* End XCBuildConfiguration section */

/* Begin XCConfigurationList section */
		1DEB91AD08733DA50010E9CD /* Build configuration list for PBXNativeTarget "CFNetwork" */ = {
			isa = XCConfigurationList;
			buildConfigurations = (
				1DEB91AE08733DA50010E9CD /* Windows-i386 */,
				CFC5B46C1AF4687C00FBB52A /* FreeBSD-i386 */,
				CFC5B4661AF4687600FBB52A /* Darwin-i386 */,
				CFC5B4721AF468AB00FBB52A /* Darwin-x86_64 */,
				1DEB91AF08733DA50010E9CD /* Linux-i386 */,
			);
			defaultConfigurationIsVisible = 0;
			defaultConfigurationName = "Linux-i386";
		};
		1DEB91B108733DA50010E9CD /* Build configuration list for PBXProject "CFNetwork" */ = {
			isa = XCConfigurationList;
			buildConfigurations = (
				1DEB91B208733DA50010E9CD /* Windows-i386 */,
				CFC5B46B1AF4687C00FBB52A /* FreeBSD-i386 */,
				CFC5B4651AF4687600FBB52A /* Darwin-i386 */,
				CFC5B4711AF468AB00FBB52A /* Darwin-x86_64 */,
				1DEB91B308733DA50010E9CD /* Linux-i386 */,
			);
			defaultConfigurationIsVisible = 0;
			defaultConfigurationName = "Linux-i386";
		};
/* End XCConfigurationList section */
	};
	rootObject = 0867D690FE84028FC02AAC07 /* Project object */;
}
