<?xml version="1.0" encoding="UTF-8"?>
<Scheme
   LastUpgradeVersion = "0930"
   version = "1.3">
   <BuildAction
      parallelizeBuildables = "YES"
      buildImplicitDependencies = "YES">
      <BuildActionEntries>
         <BuildActionEntry
            buildForTesting = "YES"
            buildForRunning = "YES"
            buildForProfiling = "YES"
            buildForArchiving = "YES"
            buildForAnalyzing = "YES">
            <BuildableReference
               BuildableIdentifier = "primary"
               BlueprintIdentifier = "D12A839F1FFCC4CE00A02A42"
               BuildableName = "LiveFilesTester"
               BlueprintName = "LiveFilesTester"
               ReferencedContainer = "container:msdosfs.xcodeproj">
            </BuildableReference>
         </BuildActionEntry>
      </BuildActionEntries>
   </BuildAction>
   <TestAction
      buildConfiguration = "Debug"
      selectedDebuggerIdentifier = "Xcode.DebuggerFoundation.Debugger.LLDB"
      selectedLauncherIdentifier = "Xcode.DebuggerFoundation.Launcher.LLDB"
      shouldUseLaunchSchemeArgsEnv = "YES">
      <Testables>
      </Testables>
      <MacroExpansion>
         <BuildableReference
            BuildableIdentifier = "primary"
            BlueprintIdentifier = "D12A839F1FFCC4CE00A02A42"
            BuildableName = "LiveFilesTester"
            BlueprintName = "LiveFilesTester"
            ReferencedContainer = "container:msdosfs.xcodeproj">
         </BuildableReference>
      </MacroExpansion>
      <AdditionalOptions>
      </AdditionalOptions>
   </TestAction>
   <LaunchAction
      buildConfiguration = "Debug"
      selectedDebuggerIdentifier = "Xcode.DebuggerFoundation.Debugger.LLDB"
      selectedLauncherIdentifier = "Xcode.DebuggerFoundation.Launcher.LLDB"
      launchStyle = "0"
      useCustomWorkingDirectory = "NO"
      ignoresPersistentStateOnLaunch = "NO"
      debugDocumentVersioning = "YES"
      debugServiceExtension = "internal"
      allowLocationSimulation = "YES">
      <BuildableProductRunnable
         runnableDebuggingMode = "0">
         <BuildableReference
            BuildableIdentifier = "primary"
            BlueprintIdentifier = "D12A839F1FFCC4CE00A02A42"
            BuildableName = "LiveFilesTester"
            BlueprintName = "LiveFilesTester"
            ReferencedContainer = "container:msdosfs.xcodeproj">
         </BuildableReference>
      </BuildableProductRunnable>
      <CommandLineArguments>
         <CommandLineArgument
            argument = "--seed 58405"
            isEnabled = "NO">
         </CommandLineArgument>
         <CommandLineArgument
            argument = "--syncloop"
            isEnabled = "NO">
         </CommandLineArgument>
         <CommandLineArgument
            argument = "-t zeroSizeFileEmptyDMG_Sym"
            isEnabled = "NO">
         </CommandLineArgument>
         <CommandLineArgument
            argument = "--test millionFilesTest"
            isEnabled = "NO">
         </CommandLineArgument>
         <CommandLineArgument
            argument = "-cluster 65536"
            isEnabled = "NO">
         </CommandLineArgument>
         <CommandLineArgument
            argument = "--dmgsize 4G"
            isEnabled = "NO">
         </CommandLineArgument>
         <CommandLineArgument
            argument = "--test dirtyBitTest"
            isEnabled = "NO">
         </CommandLineArgument>
         <CommandLineArgument
            argument = "--libpath /tmp/LiveFilesPlugin/"
            isEnabled = "YES">
         </CommandLineArgument>
         <CommandLineArgument
            argument = "--mt 20"
            isEnabled = "NO">
         </CommandLineArgument>
         <CommandLineArgument
            argument = "-t defragmentedClusterTest"
            isEnabled = "NO">
         </CommandLineArgument>
         <CommandLineArgument
            argument = "-t depthTest"
            isEnabled = "NO">
         </CommandLineArgument>
         <CommandLineArgument
            argument = "--fs FAT12"
            isEnabled = "YES">
         </CommandLineArgument>
         <CommandLineArgument
            argument = "--fs FAT16"
            isEnabled = "YES">
         </CommandLineArgument>
         <CommandLineArgument
            argument = "--fs FAT32"
            isEnabled = "NO">
         </CommandLineArgument>
         <CommandLineArgument
            argument = "--fs ExFAT"
            isEnabled = "YES">
         </CommandLineArgument>
         <CommandLineArgument
            argument = "--fs HFS"
            isEnabled = "YES">
         </CommandLineArgument>
         <CommandLineArgument
            argument = "--test readdirTest"
            isEnabled = "NO">
         </CommandLineArgument>
         <CommandLineArgument
            argument = "--test checkFileMaxSize"
            isEnabled = "NO">
         </CommandLineArgument>
         <CommandLineArgument
            argument = "--test syncOperationTest"
            isEnabled = "NO">
         </CommandLineArgument>
         <CommandLineArgument
            argument = "--test createFileTwice"
            isEnabled = "NO">
         </CommandLineArgument>
         <CommandLineArgument
            argument = "--regression"
            isEnabled = "NO">
         </CommandLineArgument>
         <CommandLineArgument
            argument = "--test filesNamesTest"
            isEnabled = "NO">
         </CommandLineArgument>
         <CommandLineArgument
            argument = "--test illegalDirFileSymlink"
            isEnabled = "NO">
         </CommandLineArgument>
         <CommandLineArgument
            argument = "--test fillRootDir"
            isEnabled = "NO">
         </CommandLineArgument>
         <CommandLineArgument
            argument = "--test removeAndRmdir"
            isEnabled = "NO">
         </CommandLineArgument>
         <CommandLineArgument
            argument = "--test renameTest"
            isEnabled = "NO">
         </CommandLineArgument>
         <CommandLineArgument
            argument = "--test minimalFile"
            isEnabled = "NO">
         </CommandLineArgument>
         <CommandLineArgument
            argument = "--test changeAttributes"
            isEnabled = "NO">
         </CommandLineArgument>
         <CommandLineArgument
            argument = "--test createSymFile"
            isEnabled = "YES">
         </CommandLineArgument>
         <CommandLineArgument
            argument = "-t readdirattrTest"
            isEnabled = "NO">
         </CommandLineArgument>
         <CommandLineArgument
            argument = "-t defragmentedClusterTest"
            isEnabled = "NO">
         </CommandLineArgument>
         <CommandLineArgument
            argument = "--log-copy /tmp"
            isEnabled = "NO">
         </CommandLineArgument>
         <CommandLineArgument
            argument = "--test writingSameClusterSimultaneously"
            isEnabled = "NO">
         </CommandLineArgument>
         <CommandLineArgument
            argument = "-t checkFSATT"
            isEnabled = "NO">
         </CommandLineArgument>
         <CommandLineArgument
            argument = "--test randomizer"
            isEnabled = "NO">
         </CommandLineArgument>
         <CommandLineArgument
            argument = "--test performanceTest"
            isEnabled = "NO">
         </CommandLineArgument>
         <CommandLineArgument
            argument = "--testTime 500"
            isEnabled = "NO">
         </CommandLineArgument>
         <CommandLineArgument
            argument = "--posWeight 0.5"
            isEnabled = "NO">
         </CommandLineArgument>
         <CommandLineArgument
            argument = "--test diskAccessSize"
            isEnabled = "YES">
         </CommandLineArgument>
      </CommandLineArguments>
      <AdditionalOptions>
      </AdditionalOptions>
   </LaunchAction>
   <ProfileAction
      buildConfiguration = "Release"
      shouldUseLaunchSchemeArgsEnv = "YES"
      savedToolIdentifier = ""
      useCustomWorkingDirectory = "NO"
      debugDocumentVersioning = "YES">
      <BuildableProductRunnable
         runnableDebuggingMode = "0">
         <BuildableReference
            BuildableIdentifier = "primary"
            BlueprintIdentifier = "D12A839F1FFCC4CE00A02A42"
            BuildableName = "LiveFilesTester"
            BlueprintName = "LiveFilesTester"
            ReferencedContainer = "container:msdosfs.xcodeproj">
         </BuildableReference>
      </BuildableProductRunnable>
   </ProfileAction>
   <AnalyzeAction
      buildConfiguration = "Debug">
   </AnalyzeAction>
   <ArchiveAction
      buildConfiguration = "Release"
      revealArchiveInOrganizer = "YES">
   </ArchiveAction>
</Scheme>
